{
	"name": "kallopis-reference-site",
	"lockfileVersion": 3,
	"requires": true,
	"packages": {
		"": {
			"name": "kallopis-reference-site",
			"dependencies": {
				"github-slugger": "2.0.0",
				"marked": "18.0.12",
				"parse5": "8.0.1"
			},
			"engines": {
				"node": ">=22"
			}
		},
		"node_modules/entities": {
			"version": "8.1.0",
			"resolved": "https://registry.npmjs.org/entities/-/entities-8.1.0.tgz",
			"integrity": "sha512-kxL7msIffSuh9aaFAMD7rxAIuTRMAHMeBtgHW2yUdWw732ZNh4MehkF2gdjvtdmikkaIP9bFDDJOPlsvm7avrA==",
			"license": "BSD-2-Clause",
			"engines": {
				"node": ">=20.19.0"
			},
			"funding": {
				"url": "https://github.com/fb55/entities?sponsor=1"
			}
		},
		"node_modules/github-slugger": {
			"version": "2.0.0",
			"resolved": "https://registry.npmjs.org/github-slugger/-/github-slugger-2.0.0.tgz",
			"integrity": "sha512-IaOQ9puYtjrkq7Y0Ygl9KDZnrf/aiUJYUpVf89y8kyaxbRG7Y1SrX/jaumrv81vc61+kiMempujsM3Yw7w5qcw==",
			"license": "ISC"
		},
		"node_modules/marked": {
			"version": "18.0.12",
			"resolved": "https://registry.npmjs.org/marked/-/marked-18.0.12.tgz",
			"integrity": "sha512-LEm4ga2YeI2T3GVHj9b0BaDPPk93LLTHMFeMyQbNIzPxc8vCI0y/scy0ZA6z6lXKyT9j9Nhl/OC6ZYKYGuFScA==",
			"license": "MIT",
			"bin": {
				"marked": "bin/marked.js"
			},
			"engines": {
				"node": ">= 20"
			}
		},
		"node_modules/parse5": {
			"version": "8.0.1",
			"resolved": "https://registry.npmjs.org/parse5/-/parse5-8.0.1.tgz",
			"integrity": "sha512-z1e/HMG90obSGeidlli3hj7cbocou0/wa5HacvI3ASx34PecNjNQeaHNo5WIZpWofN9kgkqV1q5YvXe3F0FoPw==",
			"license": "MIT",
			"dependencies": {
				"entities": "^8.0.0"
			},
			"funding": {
				"url": "https://github.com/inikulin/parse5?sponsor=1"
			}
		}
	}
}
